<?xml version="1.0" encoding="utf-8"?>
<Project ToolsVersion="4.0" xmlns="http://schemas.microsoft.com/developer/msbuild/2003">
  <ItemGroup>
    <Filter Include="Source Files">
      <UniqueIdentifier>{4FC737F1-C7A5-4376-A066-2A32D752A2FF}</UniqueIdentifier>
      <Extensions>cpp;c;cc;cxx;def;odl;idl;hpj;bat;asm;asmx</Extensions>
    </Filter>
    <Filter Include="Header Files">
      <UniqueIdentifier>{93995380-89BD-4b04-88EB-625FBE52EBFB}</UniqueIdentifier>
      <Extensions>h;hh;hpp;hxx;hm;inl;inc;xsd</Extensions>
    </Filter>
    <Filter Include="Resource Files">
      <UniqueIdentifier>{67DA6AB6-F800-4c08-8B7A-83BB121AAD01}</UniqueIdentifier>
      <Extensions>rc;ico;cur;bmp;dlg;rc2;rct;bin;rgs;gif;jpg;jpeg;jpe;resx;tiff;tif;png;wav;mfcribbon-ms</Extensions>
    </Filter>
    <Filter Include="Header Files\sqlite3">
      <UniqueIdentifier>{e8ceacd8-fa79-4808-846c-a87e3fc9bf18}</UniqueIdentifier>
    </Filter>
    <Filter Include="Source Files\sqlite3">
      <UniqueIdentifier>{72685bc0-ad5c-4f03-a857-9ef8567076e8}</UniqueIdentifier>
    </Filter>
    <Filter Include="Source Files\SQLiteCpp">
      <UniqueIdentifier>{e6243d62-70ef-47f9-83d6-ab7df4345318}</UniqueIdentifier>
    </Filter>
    <Filter Include="Header Files\SQLiteCpp">
      <UniqueIdentifier>{f2521f58-e4a8-4897-ab8d-54d6c55f98ed}</UniqueIdentifier>
    </Filter>
  </ItemGroup>
  <ItemGroup>
    <ClInclude Include="include\SQLiteCpp\Assertion.h">
      <Filter>Header Files\SQLiteCpp</Filter>
    </ClInclude>
    <ClInclude Include="include\SQLiteCpp\Column.h">
      <Filter>Header Files\SQLiteCpp</Filter>
    </ClInclude>
    <ClInclude Include="include\SQLiteCpp\Database.h">
      <Filter>Header Files\SQLiteCpp</Filter>
    </ClInclude>
    <ClInclude Include="include\SQLiteCpp\Exception.h">
      <Filter>Header Files\SQLiteCpp</Filter>
    </ClInclude>
    <ClInclude Include="include\SQLiteCpp\SQLiteCpp.h">
      <Filter>Header Files\SQLiteCpp</Filter>
    </ClInclude>
    <ClInclude Include="include\SQLiteCpp\Statement.h">
      <Filter>Header Files\SQLiteCpp</Filter>
    </ClInclude>
    <ClInclude Include="include\SQLiteCpp\Transaction.h">
      <Filter>Header Files\SQLiteCpp</Filter>
    </ClInclude>
    <ClInclude Include="include\sqlite3\sqlite3.h">
      <Filter>Header Files\sqlite3</Filter>
    </ClInclude>
    <ClInclude Include="include\sqlite3\sqlite3ext.h">
      <Filter>Header Files\sqlite3</Filter>
    </ClInclude>
    <ClInclude Include="include\Utils.h">
      <Filter>Header Files</Filter>
    </ClInclude>
    <ClInclude Include="include\TeamController.h">
      <Filter>Header Files</Filter>
    </ClInclude>
    <ClInclude Include="include\Controller.h">
      <Filter>Header Files</Filter>
    </ClInclude>
    <ClInclude Include="include\Login.h">
      <Filter>Header Files</Filter>
    </ClInclude>
    <ClInclude Include="include\Team.h">
      <Filter>Header Files</Filter>
    </ClInclude>
  </ItemGroup>
  <ItemGroup>
    <ClCompile Include="src\SQLiteCpp\Column.cpp">
      <Filter>Source Files\SQLiteCpp</Filter>
    </ClCompile>
    <ClCompile Include="src\SQLiteCpp\Database.cpp">
      <Filter>Source Files\SQLiteCpp</Filter>
    </ClCompile>
    <ClCompile Include="src\SQLiteCpp\Statement.cpp">
      <Filter>Source Files\SQLiteCpp</Filter>
    </ClCompile>
    <ClCompile Include="src\SQLiteCpp\Transaction.cpp">
      <Filter>Source Files\SQLiteCpp</Filter>
    </ClCompile>
    <ClCompile Include="src\sqlite3\sqlite3.c">
      <Filter>Source Files\sqlite3</Filter>
    </ClCompile>
    <ClCompile Include="src\Main.cpp">
      <Filter>Source Files</Filter>
    </ClCompile>
    <ClCompile Include="src\Utils.cpp">
      <Filter>Source Files</Filter>
    </ClCompile>
    <ClCompile Include="src\TeamController.cpp">
      <Filter>Source Files</Filter>
    </ClCompile>
    <ClCompile Include="src\Controller.cpp">
      <Filter>Source Files</Filter>
    </ClCompile>
    <ClCompile Include="src\Login.cpp">
      <Filter>Source Files</Filter>
    </ClCompile>
    <ClCompile Include="src\Source.cpp">
      <Filter>Source Files</Filter>
    </ClCompile>
    <ClCompile Include="src\Team.cpp">
      <Filter>Source Files</Filter>
    </ClCompile>
  </ItemGroup>
</Project>