<?xml version="1.0" encoding="utf-8"?>
<Project ToolsVersion="4.0" xmlns="http://schemas.microsoft.com/developer/msbuild/2003">
  <ItemGroup>
    <Filter Include="Source Files">
      <UniqueIdentifier>{4FC737F1-C7A5-4376-A066-2A32D752A2FF}</UniqueIdentifier>
      <Extensions>cpp;c;cc;cxx;def;odl;idl;hpj;bat;asm;asmx</Extensions>
    </Filter>
    <Filter Include="Header Files">
      <UniqueIdentifier>{93995380-89BD-4b04-88EB-625FBE52EBFB}</UniqueIdentifier>
      <Extensions>h;hh;hpp;hxx;hm;inl;inc;xsd</Extensions>
    </Filter>
    <Filter Include="Resource Files">
      <UniqueIdentifier>{67DA6AB6-F800-4c08-8B7A-83BB121AAD01}</UniqueIdentifier>
      <Extensions>rc;ico;cur;bmp;dlg;rc2;rct;bin;rgs;gif;jpg;jpeg;jpe;resx;tiff;tif;png;wav;mfcribbon-ms</Extensions>
    </Filter>
    <Filter Include="Header Files\sqlite3">
      <UniqueIdentifier>{ab8d017f-c24b-4801-bef8-4d45b5d5e1f3}</UniqueIdentifier>
    </Filter>
    <Filter Include="Header Files\SQLiteCpp">
      <UniqueIdentifier>{e870a2bf-a7e9-476a-a87b-c14c580fecb7}</UniqueIdentifier>
    </Filter>
    <Filter Include="Source Files\sqlite3">
      <UniqueIdentifier>{1bc893dd-ca87-4aa8-850c-7209d0389bb9}</UniqueIdentifier>
    </Filter>
    <Filter Include="Source Files\SQLiteCpp">
      <UniqueIdentifier>{4de41d5f-cafe-4c15-ac9a-56b09c382776}</UniqueIdentifier>
    </Filter>
  </ItemGroup>
  <ItemGroup>
    <ClInclude Include="SQLiteCpp\Transaction.h">
      <Filter>Header Files\SQLiteCpp</Filter>
    </ClInclude>
    <ClInclude Include="SQLiteCpp\Assertion.h">
      <Filter>Header Files\SQLiteCpp</Filter>
    </ClInclude>
    <ClInclude Include="SQLiteCpp\Column.h">
      <Filter>Header Files\SQLiteCpp</Filter>
    </ClInclude>
    <ClInclude Include="SQLiteCpp\Database.h">
      <Filter>Header Files\SQLiteCpp</Filter>
    </ClInclude>
    <ClInclude Include="SQLiteCpp\Exception.h">
      <Filter>Header Files\SQLiteCpp</Filter>
    </ClInclude>
    <ClInclude Include="SQLiteCpp\SQLiteCpp.h">
      <Filter>Header Files\SQLiteCpp</Filter>
    </ClInclude>
    <ClInclude Include="SQLiteCpp\Statement.h">
      <Filter>Header Files\SQLiteCpp</Filter>
    </ClInclude>
    <ClInclude Include="sqlite3\sqlite3.h">
      <Filter>Header Files\sqlite3</Filter>
    </ClInclude>
    <ClInclude Include="sqlite3\sqlite3ext.h">
      <Filter>Header Files\sqlite3</Filter>
    </ClInclude>
    <ClInclude Include="Utils.h">
      <Filter>Header Files</Filter>
    </ClInclude>
    <ClInclude Include="Item.h">
      <Filter>Header Files</Filter>
    </ClInclude>
    <ClInclude Include="OIC.h">
      <Filter>Header Files</Filter>
    </ClInclude>
    <ClInclude Include="Request.h">
      <Filter>Header Files</Filter>
    </ClInclude>
    <ClInclude Include="SimpleDate.h">
      <Filter>Header Files</Filter>
    </ClInclude>
    <ClInclude Include="Team.h">
      <Filter>Header Files</Filter>
    </ClInclude>
    <ClInclude Include="DAO.h">
      <Filter>Header Files</Filter>
    </ClInclude>
    <ClInclude Include="ItemDAO.h">
      <Filter>Header Files</Filter>
    </ClInclude>
    <ClInclude Include="ItemService.h">
      <Filter>Header Files</Filter>
    </ClInclude>
    <ClInclude Include="RequestDAO.h">
      <Filter>Header Files</Filter>
    </ClInclude>
    <ClInclude Include="RequestService.h">
      <Filter>Header Files</Filter>
    </ClInclude>
  </ItemGroup>
  <ItemGroup>
    <ClCompile Include="SQLiteCpp\Column.cpp">
      <Filter>Source Files\SQLiteCpp</Filter>
    </ClCompile>
    <ClCompile Include="SQLiteCpp\Database.cpp">
      <Filter>Source Files\SQLiteCpp</Filter>
    </ClCompile>
    <ClCompile Include="SQLiteCpp\Statement.cpp">
      <Filter>Source Files\SQLiteCpp</Filter>
    </ClCompile>
    <ClCompile Include="SQLiteCpp\Transaction.cpp">
      <Filter>Source Files\SQLiteCpp</Filter>
    </ClCompile>
    <ClCompile Include="sqlite3\sqlite3.c">
      <Filter>Source Files\sqlite3</Filter>
    </ClCompile>
    <ClCompile Include="Utils.cpp">
      <Filter>Source Files</Filter>
    </ClCompile>
    <ClCompile Include="Item.cpp">
      <Filter>Source Files</Filter>
    </ClCompile>
    <ClCompile Include="OIC.cpp">
      <Filter>Source Files</Filter>
    </ClCompile>
    <ClCompile Include="Request.cpp">
      <Filter>Source Files</Filter>
    </ClCompile>
    <ClCompile Include="SimpleDate.cpp">
      <Filter>Source Files</Filter>
    </ClCompile>
    <ClCompile Include="Team.cpp">
      <Filter>Source Files</Filter>
    </ClCompile>
    <ClCompile Include="ItemDAO.cpp">
      <Filter>Source Files</Filter>
    </ClCompile>
    <ClCompile Include="ItemService.cpp">
      <Filter>Source Files</Filter>
    </ClCompile>
    <ClCompile Include="RequestDAO.cpp">
      <Filter>Source Files</Filter>
    </ClCompile>
    <ClCompile Include="RequestService.cpp">
      <Filter>Source Files</Filter>
    </ClCompile>
  </ItemGroup>
</Project>